
Microsoft Visual Studio Solution File, Format Version 12.00
# Visual Studio 2013
VisualStudioVersion = 12.0.30723.0
MinimumVisualStudioVersion = 10.0.40219.1
Project("{8BC9CEB8-8B4A-11D0-8D11-00A0C91BC942}") = "HelloGLES3", "HelloGLES3.vcxproj", "{8A914E2A-E551-46D4-AEF0-38868B7ED502}"
	ProjectSection(ProjectDependencies) = postProject
		{A368B246-2128-4143-A03C-4E1CD9833D52} = {A368B246-2128-4143-A03C-4E1CD9833D52}
	EndProjectSection
EndProject
Project("{8BC9CEB8-8B4A-11D0-8D11-00A0C91BC942}") = "libSpank", "..\..\..\proj.win32\libSpank.vcxproj", "{A368B246-2128-4143-A03C-4E1CD9833D52}"
	ProjectSection(ProjectDependencies) = postProject
		{9922ED4F-1B05-4CAF-B69B-B7B3932A4D86} = {9922ED4F-1B05-4CAF-B69B-B7B3932A4D86}
		{DD13B561-672A-4AFF-9C7D-DBC03BD40640} = {DD13B561-672A-4AFF-9C7D-DBC03BD40640}
		{E666DBE5-8C95-4D4D-82F8-A1D038133242} = {E666DBE5-8C95-4D4D-82F8-A1D038133242}
		{8F0A56FE-1D93-4719-8443-1197E95B5725} = {8F0A56FE-1D93-4719-8443-1197E95B5725}
	EndProjectSection
EndProject
Project("{8BC9CEB8-8B4A-11D0-8D11-00A0C91BC942}") = "libPvr", "..\..\..\vendor\libPvr\proj.win32\libPvr.vcxproj", "{8F0A56FE-1D93-4719-8443-1197E95B5725}"
EndProject
Project("{8BC9CEB8-8B4A-11D0-8D11-00A0C91BC942}") = "libTinyxml2", "..\..\..\vendor\libTinyxml2\proj.win32\libTinyxml2.vcxproj", "{E666DBE5-8C95-4D4D-82F8-A1D038133242}"
EndProject
Project("{8BC9CEB8-8B4A-11D0-8D11-00A0C91BC942}") = "libPng", "..\..\..\vendor\libPng\proj.win32\libPng.vcxproj", "{DD13B561-672A-4AFF-9C7D-DBC03BD40640}"
	ProjectSection(ProjectDependencies) = postProject
		{9922ED4F-1B05-4CAF-B69B-B7B3932A4D86} = {9922ED4F-1B05-4CAF-B69B-B7B3932A4D86}
	EndProjectSection
EndProject
Project("{8BC9CEB8-8B4A-11D0-8D11-00A0C91BC942}") = "libZlib", "..\..\..\vendor\libZlib\proj.win32\libZlib.vcxproj", "{9922ED4F-1B05-4CAF-B69B-B7B3932A4D86}"
EndProject
Global
	GlobalSection(SolutionConfigurationPlatforms) = preSolution
		Debug|Win32 = Debug|Win32
		Release|Win32 = Release|Win32
	EndGlobalSection
	GlobalSection(ProjectConfigurationPlatforms) = postSolution
		{8A914E2A-E551-46D4-AEF0-38868B7ED502}.Debug|Win32.ActiveCfg = Debug|Win32
		{8A914E2A-E551-46D4-AEF0-38868B7ED502}.Debug|Win32.Build.0 = Debug|Win32
		{8A914E2A-E551-46D4-AEF0-38868B7ED502}.Release|Win32.ActiveCfg = Release|Win32
		{8A914E2A-E551-46D4-AEF0-38868B7ED502}.Release|Win32.Build.0 = Release|Win32
		{A368B246-2128-4143-A03C-4E1CD9833D52}.Debug|Win32.ActiveCfg = Debug|Win32
		{A368B246-2128-4143-A03C-4E1CD9833D52}.Debug|Win32.Build.0 = Debug|Win32
		{A368B246-2128-4143-A03C-4E1CD9833D52}.Release|Win32.ActiveCfg = Release|Win32
		{A368B246-2128-4143-A03C-4E1CD9833D52}.Release|Win32.Build.0 = Release|Win32
		{8F0A56FE-1D93-4719-8443-1197E95B5725}.Debug|Win32.ActiveCfg = Debug|Win32
		{8F0A56FE-1D93-4719-8443-1197E95B5725}.Debug|Win32.Build.0 = Debug|Win32
		{8F0A56FE-1D93-4719-8443-1197E95B5725}.Release|Win32.ActiveCfg = Release|Win32
		{8F0A56FE-1D93-4719-8443-1197E95B5725}.Release|Win32.Build.0 = Release|Win32
		{E666DBE5-8C95-4D4D-82F8-A1D038133242}.Debug|Win32.ActiveCfg = Debug|Win32
		{E666DBE5-8C95-4D4D-82F8-A1D038133242}.Debug|Win32.Build.0 = Debug|Win32
		{E666DBE5-8C95-4D4D-82F8-A1D038133242}.Release|Win32.ActiveCfg = Release|Win32
		{E666DBE5-8C95-4D4D-82F8-A1D038133242}.Release|Win32.Build.0 = Release|Win32
		{DD13B561-672A-4AFF-9C7D-DBC03BD40640}.Debug|Win32.ActiveCfg = Debug|Win32
		{DD13B561-672A-4AFF-9C7D-DBC03BD40640}.Debug|Win32.Build.0 = Debug|Win32
		{DD13B561-672A-4AFF-9C7D-DBC03BD40640}.Release|Win32.ActiveCfg = Release|Win32
		{DD13B561-672A-4AFF-9C7D-DBC03BD40640}.Release|Win32.Build.0 = Release|Win32
		{9922ED4F-1B05-4CAF-B69B-B7B3932A4D86}.Debug|Win32.ActiveCfg = Debug|Win32
		{9922ED4F-1B05-4CAF-B69B-B7B3932A4D86}.Debug|Win32.Build.0 = Debug|Win32
		{9922ED4F-1B05-4CAF-B69B-B7B3932A4D86}.Release|Win32.ActiveCfg = Release|Win32
		{9922ED4F-1B05-4CAF-B69B-B7B3932A4D86}.Release|Win32.Build.0 = Release|Win32
	EndGlobalSection
	GlobalSection(SolutionProperties) = preSolution
		HideSolutionNode = FALSE
	EndGlobalSection
EndGlobal
