<?xml version="1.0" encoding="utf-8"?>
<Project ToolsVersion="4.0" xmlns="http://schemas.microsoft.com/developer/msbuild/2003">
  <ItemGroup>
    <ClCompile Include="main.cpp" />
    <ClCompile Include="..\source\ModelViewApp.cpp" />
    <ClCompile Include="..\..\common\BaseApp.cpp" />
  </ItemGroup>
  <ItemGroup>
    <ClInclude Include="main.h" />
    <ClInclude Include="..\source\ModelViewApp.h" />
    <ClInclude Include="..\..\common\BaseApp.h" />
  </ItemGroup>
</Project>