<?xml version="1.0" encoding="utf-8"?>
<Project ToolsVersion="4.0" xmlns="http://schemas.microsoft.com/developer/msbuild/2003">
  <ItemGroup>
    <Filter Include="base">
      <UniqueIdentifier>{4b35e832-af79-4703-ab93-773214f43448}</UniqueIdentifier>
    </Filter>
    <Filter Include="render">
      <UniqueIdentifier>{8e03aefc-45e9-42cb-99ac-f48313048c3b}</UniqueIdentifier>
    </Filter>
    <Filter Include="utils">
      <UniqueIdentifier>{cb0838a1-e310-43ad-a51f-27c50d9e4217}</UniqueIdentifier>
    </Filter>
    <Filter Include="input">
      <UniqueIdentifier>{ad172f36-3920-4de5-ba6c-bc4252a9ce95}</UniqueIdentifier>
    </Filter>
    <Filter Include="font">
      <UniqueIdentifier>{d3542057-380c-4a0f-81d4-3e45f4aae009}</UniqueIdentifier>
    </Filter>
    <Filter Include="ui">
      <UniqueIdentifier>{287864e5-1b2e-4415-8218-95a8a6d86042}</UniqueIdentifier>
    </Filter>
    <Filter Include="model">
      <UniqueIdentifier>{f13e668d-f14d-4dc9-8cef-006196437c09}</UniqueIdentifier>
    </Filter>
  </ItemGroup>
  <ItemGroup>
    <ClCompile Include="..\source\base\IMgr.cpp">
      <Filter>base</Filter>
    </ClCompile>
    <ClCompile Include="..\source\render\IRenderer.cpp">
      <Filter>render</Filter>
    </ClCompile>
    <ClCompile Include="..\source\render\RenderBuffer.cpp">
      <Filter>render</Filter>
    </ClCompile>
    <ClCompile Include="..\source\render\RendererGl3.cpp">
      <Filter>render</Filter>
    </ClCompile>
    <ClCompile Include="..\source\render\RenderObject.cpp">
      <Filter>render</Filter>
    </ClCompile>
    <ClCompile Include="..\source\render\RenderTarget.cpp">
      <Filter>render</Filter>
    </ClCompile>
    <ClCompile Include="..\source\render\Shader.cpp">
      <Filter>render</Filter>
    </ClCompile>
    <ClCompile Include="..\source\render\Texture.cpp">
      <Filter>render</Filter>
    </ClCompile>
    <ClCompile Include="..\source\Framework.cpp" />
    <ClCompile Include="DeviceWin32.cpp" />
    <ClCompile Include="..\source\IApp.cpp" />
    <ClCompile Include="utils\TimeUtilWin32.cpp">
      <Filter>utils</Filter>
    </ClCompile>
    <ClCompile Include="utils\LogUtilWin32.cpp">
      <Filter>utils</Filter>
    </ClCompile>
    <ClCompile Include="utils\FileUtilWin32.cpp">
      <Filter>utils</Filter>
    </ClCompile>
    <ClCompile Include="..\source\render\RendererGl2.cpp">
      <Filter>render</Filter>
    </ClCompile>
    <ClCompile Include="..\source\utils\FileUtil.cpp">
      <Filter>utils</Filter>
    </ClCompile>
    <ClCompile Include="..\source\render\VertexAttributes.cpp">
      <Filter>render</Filter>
    </ClCompile>
    <ClCompile Include="..\source\utils\StringUtil.cpp">
      <Filter>utils</Filter>
    </ClCompile>
    <ClCompile Include="..\source\input\TouchDelegateMgr.cpp">
      <Filter>input</Filter>
    </ClCompile>
    <ClCompile Include="..\source\utils\ImageUtil.cpp">
      <Filter>utils</Filter>
    </ClCompile>
    <ClCompile Include="utils\ImageUtilWin32.cpp">
      <Filter>utils</Filter>
    </ClCompile>
    <ClCompile Include="..\source\utils\StringBuilder.cpp">
      <Filter>utils</Filter>
    </ClCompile>
    <ClCompile Include="..\source\utils\BufferStream.cpp">
      <Filter>utils</Filter>
    </ClCompile>
    <ClCompile Include="..\source\font\BitmapFont.cpp">
      <Filter>font</Filter>
    </ClCompile>
    <ClCompile Include="..\source\font\FontMgr.cpp">
      <Filter>font</Filter>
    </ClCompile>
    <ClCompile Include="..\source\font\IFont.cpp">
      <Filter>font</Filter>
    </ClCompile>
    <ClCompile Include="..\source\ui\Label.cpp">
      <Filter>ui</Filter>
    </ClCompile>
    <ClCompile Include="..\source\model\MeshData.cpp">
      <Filter>model</Filter>
    </ClCompile>
    <ClCompile Include="..\source\model\ModelMgr.cpp">
      <Filter>model</Filter>
    </ClCompile>
  </ItemGroup>
  <ItemGroup>
    <ClInclude Include="..\source\base\IMgr.h">
      <Filter>base</Filter>
    </ClInclude>
    <ClInclude Include="..\source\render\IRenderer.h">
      <Filter>render</Filter>
    </ClInclude>
    <ClInclude Include="..\source\render\RenderBuffer.h">
      <Filter>render</Filter>
    </ClInclude>
    <ClInclude Include="..\source\render\RendererGl3.h">
      <Filter>render</Filter>
    </ClInclude>
    <ClInclude Include="..\source\render\RenderObject.h">
      <Filter>render</Filter>
    </ClInclude>
    <ClInclude Include="..\source\render\RenderTarget.h">
      <Filter>render</Filter>
    </ClInclude>
    <ClInclude Include="..\source\render\Shader.h">
      <Filter>render</Filter>
    </ClInclude>
    <ClInclude Include="..\source\render\Texture.h">
      <Filter>render</Filter>
    </ClInclude>
    <ClInclude Include="..\source\Framework.h" />
    <ClInclude Include="DeviceWin32.h" />
    <ClInclude Include="..\source\IApp.h" />
    <ClInclude Include="..\source\utils\TimeUtil.h">
      <Filter>utils</Filter>
    </ClInclude>
    <ClInclude Include="..\source\utils\LogUtil.h">
      <Filter>utils</Filter>
    </ClInclude>
    <ClInclude Include="..\source\utils\FileUtil.h">
      <Filter>utils</Filter>
    </ClInclude>
    <ClInclude Include="..\source\base\PlatformDefine.h">
      <Filter>base</Filter>
    </ClInclude>
    <ClInclude Include="..\source\render\RendererGl2.h">
      <Filter>render</Filter>
    </ClInclude>
    <ClInclude Include="..\source\render\VertexAttributes.h">
      <Filter>render</Filter>
    </ClInclude>
    <ClInclude Include="..\source\utils\StringUtil.h">
      <Filter>utils</Filter>
    </ClInclude>
    <ClInclude Include="..\source\input\TouchDelegateMgr.h">
      <Filter>input</Filter>
    </ClInclude>
    <ClInclude Include="..\source\utils\ImageUtil.h">
      <Filter>utils</Filter>
    </ClInclude>
    <ClInclude Include="..\source\utils\StringBuilder.h">
      <Filter>utils</Filter>
    </ClInclude>
    <ClInclude Include="..\source\utils\BufferStream.h">
      <Filter>utils</Filter>
    </ClInclude>
    <ClInclude Include="..\source\font\BitmapFont.h">
      <Filter>font</Filter>
    </ClInclude>
    <ClInclude Include="..\source\font\FontMgr.h">
      <Filter>font</Filter>
    </ClInclude>
    <ClInclude Include="..\source\font\IFont.h">
      <Filter>font</Filter>
    </ClInclude>
    <ClInclude Include="..\source\ui\Label.h">
      <Filter>ui</Filter>
    </ClInclude>
    <ClInclude Include="..\source\model\MeshFileFormat.h">
      <Filter>model</Filter>
    </ClInclude>
    <ClInclude Include="..\source\model\MeshData.h">
      <Filter>model</Filter>
    </ClInclude>
    <ClInclude Include="..\source\model\ModelMgr.h">
      <Filter>model</Filter>
    </ClInclude>
    <ClInclude Include="..\source\render\RenderCache.h">
      <Filter>render</Filter>
    </ClInclude>
  </ItemGroup>
</Project>